
Microsoft Visual Studio Solution File, Format Version 12.00
# Visual Studio Version 17
VisualStudioVersion = 17.13.35806.99 d17.13
MinimumVisualStudioVersion = 10.0.40219.1
Project("{FAE04EC0-301F-11D3-BF4B-00C04F79EFBC}") = "CheckAmount", "checkAmount\CheckAmount.csproj", "{1AB54304-E937-42B8-929C-533823038651}"
EndProject
Global
	GlobalSection(SolutionConfigurationPlatforms) = preSolution
		Debug|Any CPU = Debug|Any CPU
		Release|Any CPU = Release|Any CPU
	EndGlobalSection
	GlobalSection(ProjectConfigurationPlatforms) = postSolution
		{1AB54304-E937-42B8-929C-533823038651}.Debug|Any CPU.ActiveCfg = Debug|Any CPU
		{1AB54304-E937-42B8-929C-533823038651}.Debug|Any CPU.Build.0 = Debug|Any CPU
		{1AB54304-E937-42B8-929C-533823038651}.Release|Any CPU.ActiveCfg = Release|Any CPU
		{1AB54304-E937-42B8-929C-533823038651}.Release|Any CPU.Build.0 = Release|Any CPU
	EndGlobalSection
	GlobalSection(SolutionProperties) = preSolution
		HideSolutionNode = FALSE
	EndGlobalSection
	GlobalSection(ExtensibilityGlobals) = postSolution
		SolutionGuid = {06282FD8-DD37-410B-853D-14580665948A}
	EndGlobalSection
EndGlobal
