
Microsoft Visual Studio Solution File, Format Version 12.00
# Visual Studio Version 17
VisualStudioVersion = 17.13.35806.99
MinimumVisualStudioVersion = 10.0.40219.1
Project("{FAE04EC0-301F-11D3-BF4B-00C04F79EFBC}") = "SimpleFTP.Client", "Client\SimpleFTP.Client.csproj", "{A1377BAB-DB67-4A74-A7D0-86B07890FC3F}"
EndProject
Project("{FAE04EC0-301F-11D3-BF4B-00C04F79EFBC}") = "SimpleFTP.Tests", "SimpleFTP.Tests\SimpleFTP.Tests.csproj", "{CE04E890-DE80-431B-B53E-07A74FA6AEF9}"
EndProject
Project("{FAE04EC0-301F-11D3-BF4B-00C04F79EFBC}") = "SimpleFTP", "SimpleFTP\SimpleFTP.csproj", "{1B9979DB-E126-40BB-B693-2E5BAE60DAF3}"
EndProject
Project("{FAE04EC0-301F-11D3-BF4B-00C04F79EFBC}") = "SimpleFTP.Server", "Server\SimpleFTP.Server.csproj", "{FDD87F48-4BC5-B87E-9D30-B23C96243D6D}"
EndProject
Global
	GlobalSection(SolutionConfigurationPlatforms) = preSolution
		Debug|Any CPU = Debug|Any CPU
		Release|Any CPU = Release|Any CPU
	EndGlobalSection
	GlobalSection(ProjectConfigurationPlatforms) = postSolution
		{A1377BAB-DB67-4A74-A7D0-86B07890FC3F}.Debug|Any CPU.ActiveCfg = Debug|Any CPU
		{A1377BAB-DB67-4A74-A7D0-86B07890FC3F}.Debug|Any CPU.Build.0 = Debug|Any CPU
		{A1377BAB-DB67-4A74-A7D0-86B07890FC3F}.Release|Any CPU.ActiveCfg = Release|Any CPU
		{A1377BAB-DB67-4A74-A7D0-86B07890FC3F}.Release|Any CPU.Build.0 = Release|Any CPU
		{CE04E890-DE80-431B-B53E-07A74FA6AEF9}.Debug|Any CPU.ActiveCfg = Debug|Any CPU
		{CE04E890-DE80-431B-B53E-07A74FA6AEF9}.Debug|Any CPU.Build.0 = Debug|Any CPU
		{CE04E890-DE80-431B-B53E-07A74FA6AEF9}.Release|Any CPU.ActiveCfg = Release|Any CPU
		{CE04E890-DE80-431B-B53E-07A74FA6AEF9}.Release|Any CPU.Build.0 = Release|Any CPU
		{1B9979DB-E126-40BB-B693-2E5BAE60DAF3}.Debug|Any CPU.ActiveCfg = Debug|Any CPU
		{1B9979DB-E126-40BB-B693-2E5BAE60DAF3}.Debug|Any CPU.Build.0 = Debug|Any CPU
		{1B9979DB-E126-40BB-B693-2E5BAE60DAF3}.Release|Any CPU.ActiveCfg = Release|Any CPU
		{1B9979DB-E126-40BB-B693-2E5BAE60DAF3}.Release|Any CPU.Build.0 = Release|Any CPU
		{FDD87F48-4BC5-B87E-9D30-B23C96243D6D}.Debug|Any CPU.ActiveCfg = Debug|Any CPU
		{FDD87F48-4BC5-B87E-9D30-B23C96243D6D}.Debug|Any CPU.Build.0 = Debug|Any CPU
		{FDD87F48-4BC5-B87E-9D30-B23C96243D6D}.Release|Any CPU.ActiveCfg = Release|Any CPU
		{FDD87F48-4BC5-B87E-9D30-B23C96243D6D}.Release|Any CPU.Build.0 = Release|Any CPU
	EndGlobalSection
	GlobalSection(SolutionProperties) = preSolution
		HideSolutionNode = FALSE
	EndGlobalSection
	GlobalSection(ExtensibilityGlobals) = postSolution
		SolutionGuid = {F88013D2-30E3-4487-AFAE-0A91EEBCAB90}
	EndGlobalSection
EndGlobal
